
Microsoft Visual Studio Solution File, Format Version 11.00
# Visual Studio 2010
Project("{FAE04EC0-301F-11D3-BF4B-00C04F79EFBC}") = "ClassLibrary1", "ClassLibrary1\ClassLibrary1.csproj", "{F8805DA7-7FD6-494D-82E2-2969333A557C}"
EndProject
Global
	GlobalSection(SolutionConfigurationPlatforms) = preSolution
		Debug|Any CPU = Debug|Any CPU
		Release|Any CPU = Release|Any CPU
	EndGlobalSection
	GlobalSection(ProjectConfigurationPlatforms) = postSolution
		{F8805DA7-7FD6-494D-82E2-2969333A557C}.Debug|Any CPU.ActiveCfg = Debug|Any CPU
		{F8805DA7-7FD6-494D-82E2-2969333A557C}.Debug|Any CPU.Build.0 = Debug|Any CPU
		{F8805DA7-7FD6-494D-82E2-2969333A557C}.Release|Any CPU.ActiveCfg = Release|Any CPU
		{F8805DA7-7FD6-494D-82E2-2969333A557C}.Release|Any CPU.Build.0 = Release|Any CPU
	EndGlobalSection
	GlobalSection(SolutionProperties) = preSolution
		HideSolutionNode = FALSE
	EndGlobalSection
EndGlobal
